{
  "originHash" : "3fdb1e8b606756c9f9c924ca353c9ff940af0819dd0bc2abe534cc4106e5d261",
  "pins" : [
    {
      "identity" : "swifthamcrest",
      "kind" : "remoteSourceControl",
      "location" : "https://github.com/nschum/SwiftHamcrest/",
      "state" : {
        "branch" : "no-macro",
        "revision" : "15b64b12384ed7a64a4ed6972a91d2ad9c4b6796"
      }
    }
  ],
  "version" : 3
}
